
Microsoft Visual Studio Solution File, Format Version 12.00
# Visual Studio Version 17
VisualStudioVersion = 17.11.35222.181
MinimumVisualStudioVersion = 10.0.40219.1
Project("{FAE04EC0-301F-11D3-BF4B-00C04F79EFBC}") = "Login", "Login\Login.csproj", "{898E416A-3F58-4AB4-82F3-ED1AA819BB0C}"
EndProject
Global
	GlobalSection(SolutionConfigurationPlatforms) = preSolution
		Debug|Any CPU = Debug|Any CPU
		Release|Any CPU = Release|Any CPU
	EndGlobalSection
	GlobalSection(ProjectConfigurationPlatforms) = postSolution
		{898E416A-3F58-4AB4-82F3-ED1AA819BB0C}.Debug|Any CPU.ActiveCfg = Debug|Any CPU
		{898E416A-3F58-4AB4-82F3-ED1AA819BB0C}.Debug|Any CPU.Build.0 = Debug|Any CPU
		{898E416A-3F58-4AB4-82F3-ED1AA819BB0C}.Release|Any CPU.ActiveCfg = Release|Any CPU
		{898E416A-3F58-4AB4-82F3-ED1AA819BB0C}.Release|Any CPU.Build.0 = Release|Any CPU
	EndGlobalSection
	GlobalSection(SolutionProperties) = preSolution
		HideSolutionNode = FALSE
	EndGlobalSection
	GlobalSection(ExtensibilityGlobals) = postSolution
		SolutionGuid = {CEA7EB41-F0B3-4B7B-BFCF-CD0F18FF8A67}
	EndGlobalSection
EndGlobal
